
Microsoft Visual Studio Solution File, Format Version 12.00
# Visual Studio Version 16
VisualStudioVersion = 16.0.30907.101
MinimumVisualStudioVersion = 10.0.40219.1
Project("{9A19103F-16F7-4668-BE54-9A1E7A4F7556}") = "KampIntro", "KampIntro.csproj", "{CD6445C2-89B2-40C9-8FA5-4AFB37EBF854}"
EndProject
Project("{9A19103F-16F7-4668-BE54-9A1E7A4F7556}") = "L002_Loops", "L002_Loops\L002_Loops.csproj", "{88A6537A-245F-4FF5-8F66-DA73C0D817C1}"
EndProject
Project("{9A19103F-16F7-4668-BE54-9A1E7A4F7556}") = "L002_ValueAndReferenceType", "L002_ValueAndReferenceType\L002_ValueAndReferenceType.csproj", "{6DF0B6F3-30A8-49E7-9977-C48E3C8EA52F}"
EndProject
Project("{9A19103F-16F7-4668-BE54-9A1E7A4F7556}") = "L003_ClassIntro", "L003_ClassIntro\L003_ClassIntro.csproj", "{9FA550C7-A850-410C-AB50-F953EACA1A49}"
EndProject
Project("{9A19103F-16F7-4668-BE54-9A1E7A4F7556}") = "L003_ClassMethodDemo", "L003_ClassMethodDemo\L003_ClassMethodDemo.csproj", "{D51CDD02-FBFD-4E09-8C47-361D09AEB380}"
EndProject
Project("{9A19103F-16F7-4668-BE54-9A1E7A4F7556}") = "L003_Methods", "L003_Methods\L003_Methods.csproj", "{76B961C4-3B96-4C58-A655-8D2794F5E4A2}"
EndProject
Project("{9A19103F-16F7-4668-BE54-9A1E7A4F7556}") = "L004_Collections", "L004_Collections\L004_Collections.csproj", "{642963BA-910B-45F9-9E65-3C32E3C7905D}"
EndProject
Project("{9A19103F-16F7-4668-BE54-9A1E7A4F7556}") = "L004_GenericsIntro", "L004_GenericsIntro\L004_GenericsIntro.csproj", "{15106F0E-D202-4F70-88C0-526A74E004B4}"
EndProject
Project("{9A19103F-16F7-4668-BE54-9A1E7A4F7556}") = "L004_OOP1", "L004_OOP1\L004_OOP1.csproj", "{EDADF939-D0E4-4B6B-AE9F-054EA51C7E5C}"
EndProject
Project("{9A19103F-16F7-4668-BE54-9A1E7A4F7556}") = "L005_OOP2", "L005_OOP2\L005_OOP2.csproj", "{042B1718-C365-47FE-B6E4-8F67507D56C3}"
EndProject
Project("{9A19103F-16F7-4668-BE54-9A1E7A4F7556}") = "L005_OOP3", "L005_OOP3\L005_OOP3.csproj", "{977915D9-E273-417A-991D-446D56FC71ED}"
EndProject
Project("{2150E333-8FDC-42A3-9474-1A3956D46DE8}") = "Solution Items", "Solution Items", "{5EBFA2E3-546B-477A-AC23-E6A775585E2B}"
	ProjectSection(SolutionItems) = preProject
		L005_Notes.txt = L005_Notes.txt
	EndProjectSection
EndProject
Project("{FAE04EC0-301F-11D3-BF4B-00C04F79EFBC}") = "L005_GameHomework", "L005_GameHomework\L005_GameHomework.csproj", "{4D9998E1-D9CF-4EFE-B263-36A1765B5638}"
EndProject
Global
	GlobalSection(SolutionConfigurationPlatforms) = preSolution
		Debug|Any CPU = Debug|Any CPU
		Release|Any CPU = Release|Any CPU
	EndGlobalSection
	GlobalSection(ProjectConfigurationPlatforms) = postSolution
		{CD6445C2-89B2-40C9-8FA5-4AFB37EBF854}.Debug|Any CPU.ActiveCfg = Debug|Any CPU
		{CD6445C2-89B2-40C9-8FA5-4AFB37EBF854}.Debug|Any CPU.Build.0 = Debug|Any CPU
		{CD6445C2-89B2-40C9-8FA5-4AFB37EBF854}.Release|Any CPU.ActiveCfg = Release|Any CPU
		{CD6445C2-89B2-40C9-8FA5-4AFB37EBF854}.Release|Any CPU.Build.0 = Release|Any CPU
		{88A6537A-245F-4FF5-8F66-DA73C0D817C1}.Debug|Any CPU.ActiveCfg = Debug|Any CPU
		{88A6537A-245F-4FF5-8F66-DA73C0D817C1}.Debug|Any CPU.Build.0 = Debug|Any CPU
		{88A6537A-245F-4FF5-8F66-DA73C0D817C1}.Release|Any CPU.ActiveCfg = Release|Any CPU
		{88A6537A-245F-4FF5-8F66-DA73C0D817C1}.Release|Any CPU.Build.0 = Release|Any CPU
		{6DF0B6F3-30A8-49E7-9977-C48E3C8EA52F}.Debug|Any CPU.ActiveCfg = Debug|Any CPU
		{6DF0B6F3-30A8-49E7-9977-C48E3C8EA52F}.Debug|Any CPU.Build.0 = Debug|Any CPU
		{6DF0B6F3-30A8-49E7-9977-C48E3C8EA52F}.Release|Any CPU.ActiveCfg = Release|Any CPU
		{6DF0B6F3-30A8-49E7-9977-C48E3C8EA52F}.Release|Any CPU.Build.0 = Release|Any CPU
		{9FA550C7-A850-410C-AB50-F953EACA1A49}.Debug|Any CPU.ActiveCfg = Debug|Any CPU
		{9FA550C7-A850-410C-AB50-F953EACA1A49}.Debug|Any CPU.Build.0 = Debug|Any CPU
		{9FA550C7-A850-410C-AB50-F953EACA1A49}.Release|Any CPU.ActiveCfg = Release|Any CPU
		{9FA550C7-A850-410C-AB50-F953EACA1A49}.Release|Any CPU.Build.0 = Release|Any CPU
		{D51CDD02-FBFD-4E09-8C47-361D09AEB380}.Debug|Any CPU.ActiveCfg = Debug|Any CPU
		{D51CDD02-FBFD-4E09-8C47-361D09AEB380}.Debug|Any CPU.Build.0 = Debug|Any CPU
		{D51CDD02-FBFD-4E09-8C47-361D09AEB380}.Release|Any CPU.ActiveCfg = Release|Any CPU
		{D51CDD02-FBFD-4E09-8C47-361D09AEB380}.Release|Any CPU.Build.0 = Release|Any CPU
		{76B961C4-3B96-4C58-A655-8D2794F5E4A2}.Debug|Any CPU.ActiveCfg = Debug|Any CPU
		{76B961C4-3B96-4C58-A655-8D2794F5E4A2}.Debug|Any CPU.Build.0 = Debug|Any CPU
		{76B961C4-3B96-4C58-A655-8D2794F5E4A2}.Release|Any CPU.ActiveCfg = Release|Any CPU
		{76B961C4-3B96-4C58-A655-8D2794F5E4A2}.Release|Any CPU.Build.0 = Release|Any CPU
		{642963BA-910B-45F9-9E65-3C32E3C7905D}.Debug|Any CPU.ActiveCfg = Debug|Any CPU
		{642963BA-910B-45F9-9E65-3C32E3C7905D}.Debug|Any CPU.Build.0 = Debug|Any CPU
		{642963BA-910B-45F9-9E65-3C32E3C7905D}.Release|Any CPU.ActiveCfg = Release|Any CPU
		{642963BA-910B-45F9-9E65-3C32E3C7905D}.Release|Any CPU.Build.0 = Release|Any CPU
		{15106F0E-D202-4F70-88C0-526A74E004B4}.Debug|Any CPU.ActiveCfg = Debug|Any CPU
		{15106F0E-D202-4F70-88C0-526A74E004B4}.Debug|Any CPU.Build.0 = Debug|Any CPU
		{15106F0E-D202-4F70-88C0-526A74E004B4}.Release|Any CPU.ActiveCfg = Release|Any CPU
		{15106F0E-D202-4F70-88C0-526A74E004B4}.Release|Any CPU.Build.0 = Release|Any CPU
		{EDADF939-D0E4-4B6B-AE9F-054EA51C7E5C}.Debug|Any CPU.ActiveCfg = Debug|Any CPU
		{EDADF939-D0E4-4B6B-AE9F-054EA51C7E5C}.Debug|Any CPU.Build.0 = Debug|Any CPU
		{EDADF939-D0E4-4B6B-AE9F-054EA51C7E5C}.Release|Any CPU.ActiveCfg = Release|Any CPU
		{EDADF939-D0E4-4B6B-AE9F-054EA51C7E5C}.Release|Any CPU.Build.0 = Release|Any CPU
		{042B1718-C365-47FE-B6E4-8F67507D56C3}.Debug|Any CPU.ActiveCfg = Debug|Any CPU
		{042B1718-C365-47FE-B6E4-8F67507D56C3}.Debug|Any CPU.Build.0 = Debug|Any CPU
		{042B1718-C365-47FE-B6E4-8F67507D56C3}.Release|Any CPU.ActiveCfg = Release|Any CPU
		{042B1718-C365-47FE-B6E4-8F67507D56C3}.Release|Any CPU.Build.0 = Release|Any CPU
		{977915D9-E273-417A-991D-446D56FC71ED}.Debug|Any CPU.ActiveCfg = Debug|Any CPU
		{977915D9-E273-417A-991D-446D56FC71ED}.Debug|Any CPU.Build.0 = Debug|Any CPU
		{977915D9-E273-417A-991D-446D56FC71ED}.Release|Any CPU.ActiveCfg = Release|Any CPU
		{977915D9-E273-417A-991D-446D56FC71ED}.Release|Any CPU.Build.0 = Release|Any CPU
		{4D9998E1-D9CF-4EFE-B263-36A1765B5638}.Debug|Any CPU.ActiveCfg = Debug|Any CPU
		{4D9998E1-D9CF-4EFE-B263-36A1765B5638}.Debug|Any CPU.Build.0 = Debug|Any CPU
		{4D9998E1-D9CF-4EFE-B263-36A1765B5638}.Release|Any CPU.ActiveCfg = Release|Any CPU
		{4D9998E1-D9CF-4EFE-B263-36A1765B5638}.Release|Any CPU.Build.0 = Release|Any CPU
	EndGlobalSection
	GlobalSection(SolutionProperties) = preSolution
		HideSolutionNode = FALSE
	EndGlobalSection
	GlobalSection(ExtensibilityGlobals) = postSolution
		SolutionGuid = {CB2E6099-CAB4-4F5B-97B3-3F87EB40D5B6}
	EndGlobalSection
EndGlobal
